
Microsoft Visual Studio Solution File, Format Version 11.00
# Visual Studio 2010
Project("{8BC9CEB8-8B4A-11D0-8D11-00A0C91BC942}") = "HostDemo", "HostDemo.vcxproj", "{AE25543A-2802-4A2C-9717-73EE8C6CC5AF}"
EndProject
Global
	GlobalSection(SolutionConfigurationPlatforms) = preSolution
		Debug|Win32 = Debug|Win32
		Release|Win32 = Release|Win32
	EndGlobalSection
	GlobalSection(ProjectConfigurationPlatforms) = postSolution
		{AE25543A-2802-4A2C-9717-73EE8C6CC5AF}.Debug|Win32.ActiveCfg = Debug|Win32
		{AE25543A-2802-4A2C-9717-73EE8C6CC5AF}.Debug|Win32.Build.0 = Debug|Win32
		{AE25543A-2802-4A2C-9717-73EE8C6CC5AF}.Release|Win32.ActiveCfg = Release|Win32
		{AE25543A-2802-4A2C-9717-73EE8C6CC5AF}.Release|Win32.Build.0 = Release|Win32
	EndGlobalSection
	GlobalSection(SolutionProperties) = preSolution
		HideSolutionNode = FALSE
	EndGlobalSection
EndGlobal
